
Microsoft Visual Studio Solution File, Format Version 12.00
# Visual Studio Version 17
VisualStudioVersion = 17.9.34728.123
MinimumVisualStudioVersion = 10.0.40219.1
Project("{FAE04EC0-301F-11D3-BF4B-00C04F79EFBC}") = "Hospital Management System", "Hospital Management System\Hospital Management System.csproj", "{E6D48D9D-E730-4FF6-9F27-976E595EC992}"
EndProject
Project("{54435603-DBB4-11D2-8724-00A0C9A8B90C}") = "HospitalManagementSystemSetup", "HospitalManagementSystemSetup\HospitalManagementSystemSetup.vdproj", "{76B4EC67-5B6F-426B-AFB8-0AA7C72FB4EE}"
EndProject
Global
	GlobalSection(SolutionConfigurationPlatforms) = preSolution
		Debug|Any CPU = Debug|Any CPU
		Release|Any CPU = Release|Any CPU
	EndGlobalSection
	GlobalSection(ProjectConfigurationPlatforms) = postSolution
		{E6D48D9D-E730-4FF6-9F27-976E595EC992}.Debug|Any CPU.ActiveCfg = Debug|Any CPU
		{E6D48D9D-E730-4FF6-9F27-976E595EC992}.Debug|Any CPU.Build.0 = Debug|Any CPU
		{E6D48D9D-E730-4FF6-9F27-976E595EC992}.Release|Any CPU.ActiveCfg = Release|Any CPU
		{E6D48D9D-E730-4FF6-9F27-976E595EC992}.Release|Any CPU.Build.0 = Release|Any CPU
		{76B4EC67-5B6F-426B-AFB8-0AA7C72FB4EE}.Debug|Any CPU.ActiveCfg = Debug
		{76B4EC67-5B6F-426B-AFB8-0AA7C72FB4EE}.Release|Any CPU.ActiveCfg = Release
	EndGlobalSection
	GlobalSection(SolutionProperties) = preSolution
		HideSolutionNode = FALSE
	EndGlobalSection
	GlobalSection(ExtensibilityGlobals) = postSolution
		SolutionGuid = {307DB4B8-5930-4D16-BFAD-8101A9B6EE8C}
	EndGlobalSection
EndGlobal
